PODS:
  - ReachabilitySwift (4.3.0)
  - SDWebImage (4.4.5):
    - SDWebImage/Core (= 4.4.5)
  - SDWebImage/Core (4.4.5)

DEPENDENCIES:
  - ReachabilitySwift
  - SDWebImage

SPEC REPOS:
  https://github.com/CocoaPods/Specs.git:
    - ReachabilitySwift
    - SDWebImage

SPEC CHECKSUMS:
  ReachabilitySwift: 408477d1b6ed9779dba301953171e017c31241f3
  SDWebImage: ecc03494e973b93b80213649d32175f8d2d17d4d

PODFILE CHECKSUM: a8c1b5ab5877f275bec49c6ef21d3d604467b2c2

COCOAPODS: 1.5.0
