// !$*UTF8*$!
{
	archiveVersion = 1;
	classes = {
	};
	objectVersion = 50;
	objects = {

/* Begin PBXBuildFile section */
		BC3A6A8B220EDB7700026599 /* AppDelegate.swift in Sources */ = {isa = PBXBuildFile; fileRef = BC3A6A8A220EDB7700026599 /* AppDelegate.swift */; };
		BC3A6A8D220EDB7700026599 /* ViewController.swift in Sources */ = {isa = PBXBuildFile; fileRef = BC3A6A8C220EDB7700026599 /* ViewController.swift */; };
		BC3A6A90220EDB7700026599 /* Main.storyboard in Resources */ = {isa = PBXBuildFile; fileRef = BC3A6A8E220EDB7700026599 /* Main.storyboard */; };
		BC3A6A92220EDB7800026599 /* Assets.xcassets in Resources */ = {isa = PBXBuildFile; fileRef = BC3A6A91220EDB7800026599 /* Assets.xcassets */; };
		BC3A6A95220EDB7800026599 /* LaunchScreen.storyboard in Resources */ = {isa = PBXBuildFile; fileRef = BC3A6A93220EDB7800026599 /* LaunchScreen.storyboard */; };
		BC3A6AA0220EDB7800026599 /* RepoSearchTests.swift in Sources */ = {isa = PBXBuildFile; fileRef = BC3A6A9F220EDB7800026599 /* RepoSearchTests.swift */; };
/* End PBXBuildFile section */

/* Begin PBXContainerItemProxy section */
		BC3A6A9C220EDB7800026599 /* PBXContainerItemProxy */ = {
			isa = PBXContainerItemProxy;
			containerPortal = BC3A6A7F220EDB7600026599 /* Project object */;
			proxyType = 1;
			remoteGlobalIDString = BC3A6A86220EDB7600026599;
			remoteInfo = RepoSearch;
		};
/* End PBXContainerItemProxy section */

/* Begin PBXFileReference section */
		BC3A6A87220EDB7700026599 /* RepoSearch.app */ = {isa = PBXFileReference; explicitFileType = wrapper.application; includeInIndex = 0; path = RepoSearch.app; sourceTree = BUILT_PRODUCTS_DIR; };
		BC3A6A8A220EDB7700026599 /* AppDelegate.swift */ = {isa = PBXFileReference; lastKnownFileType = sourcecode.swift; path = AppDelegate.swift; sourceTree = "<group>"; };
		BC3A6A8C220EDB7700026599 /* ViewController.swift */ = {isa = PBXFileReference; lastKnownFileType = sourcecode.swift; path = ViewController.swift; sourceTree = "<group>"; };
		BC3A6A8F220EDB7700026599 /* Base */ = {isa = PBXFileReference; lastKnownFileType = file.storyboard; name = Base; path = Base.lproj/Main.storyboard; sourceTree = "<group>"; };
		BC3A6A91220EDB7800026599 /* Assets.xcassets */ = {isa = PBXFileReference; lastKnownFileType = folder.assetcatalog; path = Assets.xcassets; sourceTree = "<group>"; };
		BC3A6A94220EDB7800026599 /* Base */ = {isa = PBXFileReference; lastKnownFileType = file.storyboard; name = Base; path = Base.lproj/LaunchScreen.storyboard; sourceTree = "<group>"; };
		BC3A6A96220EDB7800026599 /* Info.plist */ = {isa = PBXFileReference; lastKnownFileType = text.plist.xml; path = Info.plist; sourceTree = "<group>"; };
		BC3A6A9B220EDB7800026599 /* RepoSearchTests.xctest */ = {isa = PBXFileReference; explicitFileType = wrapper.cfbundle; includeInIndex = 0; path = RepoSearchTests.xctest; sourceTree = BUILT_PRODUCTS_DIR; };
		BC3A6A9F220EDB7800026599 /* RepoSearchTests.swift */ = {isa = PBXFileReference; lastKnownFileType = sourcecode.swift; path = RepoSearchTests.swift; sourceTree = "<group>"; };
		BC3A6AA1220EDB7800026599 /* Info.plist */ = {isa = PBXFileReference; lastKnownFileType = text.plist.xml; path = Info.plist; sourceTree = "<group>"; };
/* End PBXFileReference section */

/* Begin PBXFrameworksBuildPhase section */
		BC3A6A84220EDB7600026599 /* Frameworks */ = {
			isa = PBXFrameworksBuildPhase;
			buildActionMask = 2147483647;
			files = (
			);
			runOnlyForDeploymentPostprocessing = 0;
		};
		BC3A6A98220EDB7800026599 /* Frameworks */ = {
			isa = PBXFrameworksBuildPhase;
			buildActionMask = 2147483647;
			files = (
			);
			runOnlyForDeploymentPostprocessing = 0;
		};
/* End PBXFrameworksBuildPhase section */

/* Begin PBXGroup section */
		BC3A6A7E220EDB7600026599 = {
			isa = PBXGroup;
			children = (
				BC3A6A89220EDB7700026599 /* RepoSearch */,
				BC3A6A9E220EDB7800026599 /* RepoSearchTests */,
				BC3A6A88220EDB7700026599 /* Products */,
			);
			sourceTree = "<group>";
		};
		BC3A6A88220EDB7700026599 /* Products */ = {
			isa = PBXGroup;
			children = (
				BC3A6A87220EDB7700026599 /* RepoSearch.app */,
				BC3A6A9B220EDB7800026599 /* RepoSearchTests.xctest */,
			);
			name = Products;
			sourceTree = "<group>";
		};
		BC3A6A89220EDB7700026599 /* RepoSearch */ = {
			isa = PBXGroup;
			children = (
				BC3A6A8A220EDB7700026599 /* AppDelegate.swift */,
				BC3A6A8C220EDB7700026599 /* ViewController.swift */,
				BC3A6A8E220EDB7700026599 /* Main.storyboard */,
				BC3A6A91220EDB7800026599 /* Assets.xcassets */,
				BC3A6A93220EDB7800026599 /* LaunchScreen.storyboard */,
				BC3A6A96220EDB7800026599 /* Info.plist */,
			);
			path = RepoSearch;
			sourceTree = "<group>";
		};
		BC3A6A9E220EDB7800026599 /* RepoSearchTests */ = {
			isa = PBXGroup;
			children = (
				BC3A6A9F220EDB7800026599 /* RepoSearchTests.swift */,
				BC3A6AA1220EDB7800026599 /* Info.plist */,
			);
			path = RepoSearchTests;
			sourceTree = "<group>";
		};
/* End PBXGroup section */

/* Begin PBXNativeTarget section */
		BC3A6A86220EDB7600026599 /* RepoSearch */ = {
			isa = PBXNativeTarget;
			buildConfigurationList = BC3A6AA4220EDB7800026599 /* Build configuration list for PBXNativeTarget "RepoSearch" */;
			buildPhases = (
				BC3A6A83220EDB7600026599 /* Sources */,
				BC3A6A84220EDB7600026599 /* Frameworks */,
				BC3A6A85220EDB7600026599 /* Resources */,
			);
			buildRules = (
			);
			dependencies = (
			);
			name = RepoSearch;
			productName = RepoSearch;
			productReference = BC3A6A87220EDB7700026599 /* RepoSearch.app */;
			productType = "com.apple.product-type.application";
		};
		BC3A6A9A220EDB7800026599 /* RepoSearchTests */ = {
			isa = PBXNativeTarget;
			buildConfigurationList = BC3A6AA7220EDB7800026599 /* Build configuration list for PBXNativeTarget "RepoSearchTests" */;
			buildPhases = (
				BC3A6A97220EDB7800026599 /* Sources */,
				BC3A6A98220EDB7800026599 /* Frameworks */,
				BC3A6A99220EDB7800026599 /* Resources */,
			);
			buildRules = (
			);
			dependencies = (
				BC3A6A9D220EDB7800026599 /* PBXTargetDependency */,
			);
			name = RepoSearchTests;
			productName = RepoSearchTests;
			productReference = BC3A6A9B220EDB7800026599 /* RepoSearchTests.xctest */;
			productType = "com.apple.product-type.bundle.unit-test";
		};
/* End PBXNativeTarget section */

/* Begin PBXProject section */
		BC3A6A7F220EDB7600026599 /* Project object */ = {
			isa = PBXProject;
			attributes = {
				LastSwiftUpdateCheck = 1010;
				LastUpgradeCheck = 1010;
				ORGANIZATIONNAME = valivaxa;
				TargetAttributes = {
					BC3A6A86220EDB7600026599 = {
						CreatedOnToolsVersion = 10.1;
					};
					BC3A6A9A220EDB7800026599 = {
						CreatedOnToolsVersion = 10.1;
						TestTargetID = BC3A6A86220EDB7600026599;
					};
				};
			};
			buildConfigurationList = BC3A6A82220EDB7600026599 /* Build configuration list for PBXProject "RepoSearch" */;
			compatibilityVersion = "Xcode 9.3";
			developmentRegion = en;
			hasScannedForEncodings = 0;
			knownRegions = (
				en,
				Base,
			);
			mainGroup = BC3A6A7E220EDB7600026599;
			productRefGroup = BC3A6A88220EDB7700026599 /* Products */;
			projectDirPath = "";
			projectRoot = "";
			targets = (
				BC3A6A86220EDB7600026599 /* RepoSearch */,
				BC3A6A9A220EDB7800026599 /* RepoSearchTests */,
			);
		};
/* End PBXProject section */

/* Begin PBXResourcesBuildPhase section */
		BC3A6A85220EDB7600026599 /* Resources */ = {
			isa = PBXResourcesBuildPhase;
			buildActionMask = 2147483647;
			files = (
				BC3A6A95220EDB7800026599 /* LaunchScreen.storyboard in Resources */,
				BC3A6A92220EDB7800026599 /* Assets.xcassets in Resources */,
				BC3A6A90220EDB7700026599 /* Main.storyboard in Resources */,
			);
			runOnlyForDeploymentPostprocessing = 0;
		};
		BC3A6A99220EDB7800026599 /* Resources */ = {
			isa = PBXResourcesBuildPhase;
			buildActionMask = 2147483647;
			files = (
			);
			runOnlyForDeploymentPostprocessing = 0;
		};
/* End PBXResourcesBuildPhase section */

/* Begin PBXSourcesBuildPhase section */
		BC3A6A83220EDB7600026599 /* Sources */ = {
			isa = PBXSourcesBuildPhase;
			buildActionMask = 2147483647;
			files = (
				BC3A6A8D220EDB7700026599 /* ViewController.swift in Sources */,
				BC3A6A8B220EDB7700026599 /* AppDelegate.swift in Sources */,
			);
			runOnlyForDeploymentPostprocessing = 0;
		};
		BC3A6A97220EDB7800026599 /* Sources */ = {
			isa = PBXSourcesBuildPhase;
			buildActionMask = 2147483647;
			files = (
				BC3A6AA0220EDB7800026599 /* RepoSearchTests.swift in Sources */,
			);
			runOnlyForDeploymentPostprocessing = 0;
		};
/* End PBXSourcesBuildPhase section */

/* Begin PBXTargetDependency section */
		BC3A6A9D220EDB7800026599 /* PBXTargetDependency */ = {
			isa = PBXTargetDependency;
			target = BC3A6A86220EDB7600026599 /* RepoSearch */;
			targetProxy = BC3A6A9C220EDB7800026599 /* PBXContainerItemProxy */;
		};
/* End PBXTargetDependency section */

/* Begin PBXVariantGroup section */
		BC3A6A8E220EDB7700026599 /* Main.storyboard */ = {
			isa = PBXVariantGroup;
			children = (
				BC3A6A8F220EDB7700026599 /* Base */,
			);
			name = Main.storyboard;
			sourceTree = "<group>";
		};
		BC3A6A93220EDB7800026599 /* LaunchScreen.storyboard */ = {
			isa = PBXVariantGroup;
			children = (
				BC3A6A94220EDB7800026599 /* Base */,
			);
			name = LaunchScreen.storyboard;
			sourceTree = "<group>";
		};
/* End PBXVariantGroup section */

/* Begin XCBuildConfiguration section */
		BC3A6AA2220EDB7800026599 /* Debug */ = {
			isa = XCBuildConfiguration;
			buildSettings = {
				ALWAYS_SEARCH_USER_PATHS = NO;
				CLANG_ANALYZER_NONNULL = YES;
				CLANG_ANALYZER_NUMBER_OBJECT_CONVERSION = YES_AGGRESSIVE;
				CLANG_CXX_LANGUAGE_STANDARD = "gnu++14";
				CLANG_CXX_LIBRARY = "libc++";
				CLANG_ENABLE_MODULES = YES;
				CLANG_ENABLE_OBJC_ARC = YES;
				CLANG_ENABLE_OBJC_WEAK = YES;
				CLANG_WARN_BLOCK_CAPTURE_AUTORELEASING = YES;
				CLANG_WARN_BOOL_CONVERSION = YES;
				CLANG_WARN_COMMA = YES;
				CLANG_WARN_CONSTANT_CONVERSION = YES;
				CLANG_WARN_DEPRECATED_OBJC_IMPLEMENTATIONS = YES;
				CLANG_WARN_DIRECT_OBJC_ISA_USAGE = YES_ERROR;
				CLANG_WARN_DOCUMENTATION_COMMENTS = YES;
				CLANG_WARN_EMPTY_BODY = YES;
				CLANG_WARN_ENUM_CONVERSION = YES;
				CLANG_WARN_INFINITE_RECURSION = YES;
				CLANG_WARN_INT_CONVERSION = YES;
				CLANG_WARN_NON_LITERAL_NULL_CONVERSION = YES;
				CLANG_WARN_OBJC_IMPLICIT_RETAIN_SELF = YES;
				CLANG_WARN_OBJC_LITERAL_CONVERSION = YES;
				CLANG_WARN_OBJC_ROOT_CLASS = YES_ERROR;
				CLANG_WARN_RANGE_LOOP_ANALYSIS = YES;
				CLANG_WARN_STRICT_PROTOTYPES = YES;
				CLANG_WARN_SUSPICIOUS_MOVE = YES;
				CLANG_WARN_UNGUARDED_AVAILABILITY = YES_AGGRESSIVE;
				CLANG_WARN_UNREACHABLE_CODE = YES;
				CLANG_WARN__DUPLICATE_METHOD_MATCH = YES;
				CODE_SIGN_IDENTITY = "iPhone Developer";
				COPY_PHASE_STRIP = NO;
				DEBUG_INFORMATION_FORMAT = dwarf;
				ENABLE_STRICT_OBJC_MSGSEND = YES;
				ENABLE_TESTABILITY = YES;
				GCC_C_LANGUAGE_STANDARD = gnu11;
				GCC_DYNAMIC_NO_PIC = NO;
				GCC_NO_COMMON_BLOCKS = YES;
				GCC_OPTIMIZATION_LEVEL = 0;
				GCC_PREPROCESSOR_DEFINITIONS = (
					"DEBUG=1",
					"$(inherited)",
				);
				GCC_WARN_64_TO_32_BIT_CONVERSION = YES;
				GCC_WARN_ABOUT_RETURN_TYPE = YES_ERROR;
				GCC_WARN_UNDECLARED_SELECTOR = YES;
				GCC_WARN_UNINITIALIZED_AUTOS = YES_AGGRESSIVE;
				GCC_WARN_UNUSED_FUNCTION = YES;
				GCC_WARN_UNUSED_VARIABLE = YES;
				IPHONEOS_DEPLOYMENT_TARGET = 12.1;
				MTL_ENABLE_DEBUG_INFO = INCLUDE_SOURCE;
				MTL_FAST_MATH = YES;
				ONLY_ACTIVE_ARCH = YES;
				SDKROOT = iphoneos;
				SWIFT_ACTIVE_COMPILATION_CONDITIONS = DEBUG;
				SWIFT_OPTIMIZATION_LEVEL = "-Onone";
			};
			name = Debug;
		};
		BC3A6AA3220EDB7800026599 /* Release */ = {
			isa = XCBuildConfiguration;
			buildSettings = {
				ALWAYS_SEARCH_USER_PATHS = NO;
				CLANG_ANALYZER_NONNULL = YES;
				CLANG_ANALYZER_NUMBER_OBJECT_CONVERSION = YES_AGGRESSIVE;
				CLANG_CXX_LANGUAGE_STANDARD = "gnu++14";
				CLANG_CXX_LIBRARY = "libc++";
				CLANG_ENABLE_MODULES = YES;
				CLANG_ENABLE_OBJC_ARC = YES;
				CLANG_ENABLE_OBJC_WEAK = YES;
				CLANG_WARN_BLOCK_CAPTURE_AUTORELEASING = YES;
				CLANG_WARN_BOOL_CONVERSION = YES;
				CLANG_WARN_COMMA = YES;
				CLANG_WARN_CONSTANT_CONVERSION = YES;
				CLANG_WARN_DEPRECATED_OBJC_IMPLEMENTATIONS = YES;
				CLANG_WARN_DIRECT_OBJC_ISA_USAGE = YES_ERROR;
				CLANG_WARN_DOCUMENTATION_COMMENTS = YES;
				CLANG_WARN_EMPTY_BODY = YES;
				CLANG_WARN_ENUM_CONVERSION = YES;
				CLANG_WARN_INFINITE_RECURSION = YES;
				CLANG_WARN_INT_CONVERSION = YES;
				CLANG_WARN_NON_LITERAL_NULL_CONVERSION = YES;
				CLANG_WARN_OBJC_IMPLICIT_RETAIN_SELF = YES;
				CLANG_WARN_OBJC_LITERAL_CONVERSION = YES;
				CLANG_WARN_OBJC_ROOT_CLASS = YES_ERROR;
				CLANG_WARN_RANGE_LOOP_ANALYSIS = YES;
				CLANG_WARN_STRICT_PROTOTYPES = YES;
				CLANG_WARN_SUSPICIOUS_MOVE = YES;
				CLANG_WARN_UNGUARDED_AVAILABILITY = YES_AGGRESSIVE;
				CLANG_WARN_UNREACHABLE_CODE = YES;
				CLANG_WARN__DUPLICATE_METHOD_MATCH = YES;
				CODE_SIGN_IDENTITY = "iPhone Developer";
				COPY_PHASE_STRIP = NO;
				DEBUG_INFORMATION_FORMAT = "dwarf-with-dsym";
				ENABLE_NS_ASSERTIONS = NO;
				ENABLE_STRICT_OBJC_MSGSEND = YES;
				GCC_C_LANGUAGE_STANDARD = gnu11;
				GCC_NO_COMMON_BLOCKS = YES;
				GCC_WARN_64_TO_32_BIT_CONVERSION = YES;
				GCC_WARN_ABOUT_RETURN_TYPE = YES_ERROR;
				GCC_WARN_UNDECLARED_SELECTOR = YES;
				GCC_WARN_UNINITIALIZED_AUTOS = YES_AGGRESSIVE;
				GCC_WARN_UNUSED_FUNCTION = YES;
				GCC_WARN_UNUSED_VARIABLE = YES;
				IPHONEOS_DEPLOYMENT_TARGET = 12.1;
				MTL_ENABLE_DEBUG_INFO = NO;
				MTL_FAST_MATH = YES;
				SDKROOT = iphoneos;
				SWIFT_COMPILATION_MODE = wholemodule;
				SWIFT_OPTIMIZATION_LEVEL = "-O";
				VALIDATE_PRODUCT = YES;
			};
			name = Release;
		};
		BC3A6AA5220EDB7800026599 /* Debug */ = {
			isa = XCBuildConfiguration;
			buildSettings = {
				ASSETCATALOG_COMPILER_APPICON_NAME = AppIcon;
				CODE_SIGN_STYLE = Automatic;
				DEVELOPMENT_TEAM = 9CCZAAV96E;
				INFOPLIST_FILE = RepoSearch/Info.plist;
				LD_RUNPATH_SEARCH_PATHS = (
					"$(inherited)",
					"@executable_path/Frameworks",
				);
				PRODUCT_BUNDLE_IDENTIFIER = com.valivaxa.RepoSearch;
				PRODUCT_NAME = "$(TARGET_NAME)";
				SWIFT_VERSION = 4.2;
				TARGETED_DEVICE_FAMILY = "1,2";
			};
			name = Debug;
		};
		BC3A6AA6220EDB7800026599 /* Release */ = {
			isa = XCBuildConfiguration;
			buildSettings = {
				ASSETCATALOG_COMPILER_APPICON_NAME = AppIcon;
				CODE_SIGN_STYLE = Automatic;
				DEVELOPMENT_TEAM = 9CCZAAV96E;
				INFOPLIST_FILE = RepoSearch/Info.plist;
				LD_RUNPATH_SEARCH_PATHS = (
					"$(inherited)",
					"@executable_path/Frameworks",
				);
				PRODUCT_BUNDLE_IDENTIFIER = com.valivaxa.RepoSearch;
				PRODUCT_NAME = "$(TARGET_NAME)";
				SWIFT_VERSION = 4.2;
				TARGETED_DEVICE_FAMILY = "1,2";
			};
			name = Release;
		};
		BC3A6AA8220EDB7800026599 /* Debug */ = {
			isa = XCBuildConfiguration;
			buildSettings = {
				ALWAYS_EMBED_SWIFT_STANDARD_LIBRARIES = YES;
				BUNDLE_LOADER = "$(TEST_HOST)";
				CODE_SIGN_STYLE = Automatic;
				DEVELOPMENT_TEAM = 9CCZAAV96E;
				INFOPLIST_FILE = RepoSearchTests/Info.plist;
				LD_RUNPATH_SEARCH_PATHS = (
					"$(inherited)",
					"@executable_path/Frameworks",
					"@loader_path/Frameworks",
				);
				PRODUCT_BUNDLE_IDENTIFIER = com.valivaxa.RepoSearchTests;
				PRODUCT_NAME = "$(TARGET_NAME)";
				SWIFT_VERSION = 4.2;
				TARGETED_DEVICE_FAMILY = "1,2";
				TEST_HOST = "$(BUILT_PRODUCTS_DIR)/RepoSearch.app/RepoSearch";
			};
			name = Debug;
		};
		BC3A6AA9220EDB7800026599 /* Release */ = {
			isa = XCBuildConfiguration;
			buildSettings = {
				ALWAYS_EMBED_SWIFT_STANDARD_LIBRARIES = YES;
				BUNDLE_LOADER = "$(TEST_HOST)";
				CODE_SIGN_STYLE = Automatic;
				DEVELOPMENT_TEAM = 9CCZAAV96E;
				INFOPLIST_FILE = RepoSearchTests/Info.plist;
				LD_RUNPATH_SEARCH_PATHS = (
					"$(inherited)",
					"@executable_path/Frameworks",
					"@loader_path/Frameworks",
				);
				PRODUCT_BUNDLE_IDENTIFIER = com.valivaxa.RepoSearchTests;
				PRODUCT_NAME = "$(TARGET_NAME)";
				SWIFT_VERSION = 4.2;
				TARGETED_DEVICE_FAMILY = "1,2";
				TEST_HOST = "$(BUILT_PRODUCTS_DIR)/RepoSearch.app/RepoSearch";
			};
			name = Release;
		};
/* End XCBuildConfiguration section */

/* Begin XCConfigurationList section */
		BC3A6A82220EDB7600026599 /* Build configuration list for PBXProject "RepoSearch" */ = {
			isa = XCConfigurationList;
			buildConfigurations = (
				BC3A6AA2220EDB7800026599 /* Debug */,
				BC3A6AA3220EDB7800026599 /* Release */,
			);
			defaultConfigurationIsVisible = 0;
			defaultConfigurationName = Release;
		};
		BC3A6AA4220EDB7800026599 /* Build configuration list for PBXNativeTarget "RepoSearch" */ = {
			isa = XCConfigurationList;
			buildConfigurations = (
				BC3A6AA5220EDB7800026599 /* Debug */,
				BC3A6AA6220EDB7800026599 /* Release */,
			);
			defaultConfigurationIsVisible = 0;
			defaultConfigurationName = Release;
		};
		BC3A6AA7220EDB7800026599 /* Build configuration list for PBXNativeTarget "RepoSearchTests" */ = {
			isa = XCConfigurationList;
			buildConfigurations = (
				BC3A6AA8220EDB7800026599 /* Debug */,
				BC3A6AA9220EDB7800026599 /* Release */,
			);
			defaultConfigurationIsVisible = 0;
			defaultConfigurationName = Release;
		};
/* End XCConfigurationList section */
	};
	rootObject = BC3A6A7F220EDB7600026599 /* Project object */;
}
